
Microsoft Visual Studio Solution File, Format Version 12.00
# Visual Studio Version 17
VisualStudioVersion = 17.8.34525.116
MinimumVisualStudioVersion = 10.0.40219.1
Project("{FAE04EC0-301F-11D3-BF4B-00C04F79EFBC}") = "GizmoKit.UI", "GizmoKit.UI\GizmoKit.UI.csproj", "{B9C7DF1D-F38E-428E-A58A-6A830E22D8F5}"
EndProject
Global
	GlobalSection(SolutionConfigurationPlatforms) = preSolution
		Debug|Any CPU = Debug|Any CPU
		Release|Any CPU = Release|Any CPU
	EndGlobalSection
	GlobalSection(ProjectConfigurationPlatforms) = postSolution
		{B9C7DF1D-F38E-428E-A58A-6A830E22D8F5}.Debug|Any CPU.ActiveCfg = Debug|Any CPU
		{B9C7DF1D-F38E-428E-A58A-6A830E22D8F5}.Debug|Any CPU.Build.0 = Debug|Any CPU
		{B9C7DF1D-F38E-428E-A58A-6A830E22D8F5}.Release|Any CPU.ActiveCfg = Release|Any CPU
		{B9C7DF1D-F38E-428E-A58A-6A830E22D8F5}.Release|Any CPU.Build.0 = Release|Any CPU
	EndGlobalSection
	GlobalSection(SolutionProperties) = preSolution
		HideSolutionNode = FALSE
	EndGlobalSection
	GlobalSection(ExtensibilityGlobals) = postSolution
		SolutionGuid = {168AB6DA-3A2B-49AB-BECF-BFCDD7C9D6CA}
	EndGlobalSection
EndGlobal
